
Microsoft Visual Studio Solution File, Format Version 12.00
# Visual Studio 14
VisualStudioVersion = 14.0.25420.1
MinimumVisualStudioVersion = 10.0.40219.1
Project("{FAE04EC0-301F-11D3-BF4B-00C04F79EFBC}") = "ReverseAddState", "ReverseAddState\ReverseAddState.csproj", "{64260112-FA89-4C7C-9945-E47F1904A6B1}"
EndProject
Project("{FAE04EC0-301F-11D3-BF4B-00C04F79EFBC}") = "ReverseAddState.Test", "ReverseAddState.Test\ReverseAddState.Test.csproj", "{2FC4CA9D-DC3D-4CD0-9D91-48206A0374C9}"
EndProject
Global
	GlobalSection(SolutionConfigurationPlatforms) = preSolution
		Debug|Any CPU = Debug|Any CPU
		Release|Any CPU = Release|Any CPU
	EndGlobalSection
	GlobalSection(ProjectConfigurationPlatforms) = postSolution
		{64260112-FA89-4C7C-9945-E47F1904A6B1}.Debug|Any CPU.ActiveCfg = Debug|Any CPU
		{64260112-FA89-4C7C-9945-E47F1904A6B1}.Debug|Any CPU.Build.0 = Debug|Any CPU
		{64260112-FA89-4C7C-9945-E47F1904A6B1}.Release|Any CPU.ActiveCfg = Release|Any CPU
		{64260112-FA89-4C7C-9945-E47F1904A6B1}.Release|Any CPU.Build.0 = Release|Any CPU
		{2FC4CA9D-DC3D-4CD0-9D91-48206A0374C9}.Debug|Any CPU.ActiveCfg = Debug|Any CPU
		{2FC4CA9D-DC3D-4CD0-9D91-48206A0374C9}.Debug|Any CPU.Build.0 = Debug|Any CPU
		{2FC4CA9D-DC3D-4CD0-9D91-48206A0374C9}.Release|Any CPU.ActiveCfg = Release|Any CPU
		{2FC4CA9D-DC3D-4CD0-9D91-48206A0374C9}.Release|Any CPU.Build.0 = Release|Any CPU
	EndGlobalSection
	GlobalSection(SolutionProperties) = preSolution
		HideSolutionNode = FALSE
	EndGlobalSection
EndGlobal
